{
  "version": 1,
  "source": {
    "name": "shopee",
    "type": "git",
    "repo": "https://git.garena.com/detao.li/himan-resource.git",
    "repoId": "https_git.garena.com_detao.li_himan-resource"
  },
  "sources": {
    "himan": {
      "name": "himan",
      "type": "git",
      "repo": "https://github.com/himan-group/himan-resource.git",
      "repoId": "https_github.com_himan-group_himan-resource"
    }
  },
  "updatedAt": "2026-05-30T03:13:39.810Z",
  "resources": [
    {
      "type": "skill",
      "name": "common-dev-pattern",
      "version": "0.0.1",
      "agents": [
        "codex"
      ],
      "mode": "copy",
      "updatedAt": "2026-05-30T03:13:39.766Z",
      "source": "himan"
    },
    {
      "type": "skill",
      "name": "common-git-commit",
      "version": "0.0.1",
      "agents": [
        "codex"
      ],
      "mode": "copy",
      "updatedAt": "2026-05-30T03:13:39.793Z",
      "source": "himan"
    },
    {
      "type": "skill",
      "name": "common-issue-spec",
      "version": "0.0.4",
      "agents": [
        "codex"
      ],
      "mode": "copy",
      "updatedAt": "2026-05-30T03:01:53.838Z",
      "source": "himan"
    },
    {
      "type": "skill",
      "name": "common-project-blueprint",
      "version": "0.0.1",
      "source": "himan",
      "agents": [
        "codex"
      ],
      "mode": "copy",
      "updatedAt": "2026-05-30T03:05:32.388Z"
    },
    {
      "type": "skill",
      "name": "common-project-changelog",
      "version": "0.0.1",
      "agents": [
        "codex"
      ],
      "mode": "copy",
      "updatedAt": "2026-05-30T03:13:39.808Z",
      "source": "himan"
    },
    {
      "type": "skill",
      "name": "common-project-mvp",
      "version": "0.0.1",
      "source": "himan",
      "agents": [
        "codex"
      ],
      "mode": "copy",
      "updatedAt": "2026-05-30T03:05:32.411Z"
    },
    {
      "type": "skill",
      "name": "common-project-startup",
      "version": "0.0.1",
      "agents": [
        "codex"
      ],
      "mode": "copy",
      "updatedAt": "2026-05-30T02:52:53.754Z",
      "source": "himan"
    },
    {
      "type": "skill",
      "name": "common-project-tech-design",
      "version": "0.0.1",
      "source": "himan",
      "agents": [
        "codex"
      ],
      "mode": "copy",
      "updatedAt": "2026-05-30T03:05:32.412Z"
    },
    {
      "type": "skill",
      "name": "common-readme-writer",
      "version": "0.0.1",
      "agents": [
        "codex"
      ],
      "mode": "copy",
      "updatedAt": "2026-05-29T07:40:20.978Z",
      "source": "himan"
    },
    {
      "type": "skill",
      "name": "common-sprint-autopilot",
      "version": "0.0.1",
      "source": "himan",
      "agents": [
        "codex"
      ],
      "mode": "copy",
      "updatedAt": "2026-05-30T03:13:39.810Z"
    },
    {
      "type": "skill",
      "name": "github-npm-publish",
      "version": "0.0.1",
      "agents": [
        "codex"
      ],
      "mode": "copy",
      "updatedAt": "2026-05-30T02:53:01.534Z",
      "source": "himan"
    },
    {
      "type": "skill",
      "name": "himan-resource-manage",
      "version": "0.0.2",
      "agents": [
        "codex"
      ],
      "mode": "copy",
      "updatedAt": "2026-05-29T07:41:14.440Z"
    },
    {
      "type": "skill",
      "name": "himan-skill-metadata",
      "version": "0.0.5",
      "agents": [
        "codex"
      ],
      "mode": "copy",
      "updatedAt": "2026-05-29T07:42:11.749Z"
    }
  ]
}