{
  "version": 1,
  "source": {
    "name": "shopee",
    "type": "git",
    "repo": "https://git.garena.com/detao.li/himan-resource.git",
    "repoId": "https_git.garena.com_detao.li_himan-resource"
  },
  "sources": {
    "himan": {
      "name": "himan",
      "type": "git",
      "repo": "https://github.com/himan-group/himan-resource.git",
      "repoId": "https_github.com_himan-group_himan-resource"
    }
  },
  "updatedAt": "2026-05-29T08:38:59.782Z",
  "resources": [
    {
      "type": "skill",
      "name": "common-dev-pattern",
      "version": "0.0.7",
      "agents": [
        "codex"
      ],
      "mode": "copy",
      "updatedAt": "2026-05-29T07:39:10.488Z"
    },
    {
      "type": "skill",
      "name": "common-git-commit",
      "version": "0.0.4",
      "agents": [
        "codex"
      ],
      "mode": "copy",
      "updatedAt": "2026-05-29T07:47:59.593Z"
    },
    {
      "type": "skill",
      "name": "common-issue-spec",
      "version": "0.0.1",
      "agents": [
        "codex"
      ],
      "mode": "copy",
      "updatedAt": "2026-05-29T07:49:57.023Z"
    },
    {
      "type": "skill",
      "name": "common-project-changelog",
      "version": "0.0.5",
      "agents": [
        "codex"
      ],
      "mode": "copy",
      "updatedAt": "2026-05-29T07:39:48.448Z"
    },
    {
      "type": "skill",
      "name": "common-project-startup",
      "version": "0.0.6",
      "agents": [
        "codex"
      ],
      "mode": "copy",
      "updatedAt": "2026-05-29T08:38:59.782Z"
    },
    {
      "type": "skill",
      "name": "common-readme-writer",
      "version": "0.0.1",
      "agents": [
        "codex"
      ],
      "mode": "copy",
      "updatedAt": "2026-05-29T07:40:20.978Z",
      "source": "himan"
    },
    {
      "type": "skill",
      "name": "github-npm-publish",
      "version": "0.0.3",
      "agents": [
        "codex"
      ],
      "mode": "copy",
      "updatedAt": "2026-05-29T07:40:54.149Z"
    },
    {
      "type": "skill",
      "name": "himan-resource-manage",
      "version": "0.0.2",
      "agents": [
        "codex"
      ],
      "mode": "copy",
      "updatedAt": "2026-05-29T07:41:14.440Z"
    },
    {
      "type": "skill",
      "name": "himan-skill-metadata",
      "version": "0.0.5",
      "agents": [
        "codex"
      ],
      "mode": "copy",
      "updatedAt": "2026-05-29T07:42:11.749Z"
    }
  ]
}